
Microsoft Visual Studio Solution File, Format Version 12.00
# Visual Studio Version 16
VisualStudioVersion = 16.0.29201.188
MinimumVisualStudioVersion = 10.0.40219.1
Project("{9A19103F-16F7-4668-BE54-9A1E7A4F7556}") = "MsCompany.Core", "MsCompany.Core.csproj", "{77261179-C2DA-4A3A-B763-2CF4BD75EF43}"
EndProject
Project("{FAE04EC0-301F-11D3-BF4B-00C04F79EFBC}") = "MsCompany.Tests", "..\Tests\MsCompany.Tests.csproj", "{32F92C11-768C-4B8E-A1AC-C9D15B99F46D}"
EndProject
Global
	GlobalSection(SolutionConfigurationPlatforms) = preSolution
		Debug|Any CPU = Debug|Any CPU
		Release|Any CPU = Release|Any CPU
	EndGlobalSection
	GlobalSection(ProjectConfigurationPlatforms) = postSolution
		{77261179-C2DA-4A3A-B763-2CF4BD75EF43}.Debug|Any CPU.ActiveCfg = Debug|Any CPU
		{77261179-C2DA-4A3A-B763-2CF4BD75EF43}.Debug|Any CPU.Build.0 = Debug|Any CPU
		{77261179-C2DA-4A3A-B763-2CF4BD75EF43}.Release|Any CPU.ActiveCfg = Release|Any CPU
		{77261179-C2DA-4A3A-B763-2CF4BD75EF43}.Release|Any CPU.Build.0 = Release|Any CPU
		{32F92C11-768C-4B8E-A1AC-C9D15B99F46D}.Debug|Any CPU.ActiveCfg = Debug|Any CPU
		{32F92C11-768C-4B8E-A1AC-C9D15B99F46D}.Debug|Any CPU.Build.0 = Debug|Any CPU
		{32F92C11-768C-4B8E-A1AC-C9D15B99F46D}.Release|Any CPU.ActiveCfg = Release|Any CPU
		{32F92C11-768C-4B8E-A1AC-C9D15B99F46D}.Release|Any CPU.Build.0 = Release|Any CPU
	EndGlobalSection
	GlobalSection(SolutionProperties) = preSolution
		HideSolutionNode = FALSE
	EndGlobalSection
	GlobalSection(ExtensibilityGlobals) = postSolution
		SolutionGuid = {BF2177F3-36B2-4E88-8119-538EF001270B}
	EndGlobalSection
EndGlobal
